{
  "name": "rosebox",
  "version": "0.4.61",
  "lockfileVersion": 2,
  "requires": true,
  "packages": {
    "": {
      "version": "0.4.61",
      "license": "MIT",
      "workspaces": [
        "./packages/core",
        "./packages/react-rosebox"
      ]
    },
    "node_modules/@babel/runtime": {
      "version": "7.12.5",
      "resolved": "https://registry.npmjs.org/@babel/runtime/-/runtime-7.12.5.tgz",
      "integrity": "sha512-plcc+hbExy3McchJCEQG3knOsuh3HH+Prx1P6cLIkET/0dLuQDEnrT+s27Axgc9bqfsmNUNHfscgMUdBpC9xfg==",
      "dependencies": {
        "regenerator-runtime": "^0.13.4"
      }
    },
    "node_modules/@emotion/is-prop-valid": {
      "version": "0.7.3",
      "resolved": "https://registry.npmjs.org/@emotion/is-prop-valid/-/is-prop-valid-0.7.3.tgz",
      "integrity": "sha512-uxJqm/sqwXw3YPA5GXX365OBcJGFtxUVkB6WyezqFHlNe9jqUWH5ur2O2M8dGBz61kn1g3ZBlzUunFQXQIClhA==",
      "dependencies": {
        "@emotion/memoize": "0.7.1"
      }
    },
    "node_modules/@emotion/memoize": {
      "version": "0.7.1",
      "resolved": "https://registry.npmjs.org/@emotion/memoize/-/memoize-0.7.1.tgz",
      "integrity": "sha512-Qv4LTqO11jepd5Qmlp3M1YEjBumoTHcHFdgPTQ+sFlIL5myi/7xu/POwP7IRu6odBdmLXdtIs1D6TuW6kbwbbg=="
    },
    "node_modules/@rosebox/core": {
      "resolved": "packages/core",
      "link": true
    },
    "node_modules/@rosebox/react": {
      "resolved": "packages/react-rosebox",
      "link": true
    },
    "node_modules/@types/prop-types": {
      "version": "15.7.3",
      "resolved": "https://registry.npmjs.org/@types/prop-types/-/prop-types-15.7.3.tgz",
      "integrity": "sha512-KfRL3PuHmqQLOG+2tGpRO26Ctg+Cq1E01D2DMriKEATHgWLfeNDmq9e29Q9WIky0dQ3NPkd1mzYH8Lm936Z9qw==",
      "dev": true
    },
    "node_modules/@types/ramda": {
      "version": "0.27.34",
      "resolved": "https://registry.npmjs.org/@types/ramda/-/ramda-0.27.34.tgz",
      "integrity": "sha512-8pJBMViQ4v88ebcNkDMDf59vZ4/EMTgvN/pKCAgp70XUjEPgs+U40DWhpIzcgOgDmXV2OMew2tqed5tqKwPWZg==",
      "dependencies": {
        "ts-toolbelt": "^6.15.1"
      }
    },
    "node_modules/@types/react": {
      "version": "17.0.0",
      "resolved": "https://registry.npmjs.org/@types/react/-/react-17.0.0.tgz",
      "integrity": "sha512-aj/L7RIMsRlWML3YB6KZiXB3fV2t41+5RBGYF8z+tAKU43Px8C3cYUZsDvf1/+Bm4FK21QWBrDutu8ZJ/70qOw==",
      "dev": true,
      "dependencies": {
        "@types/prop-types": "*",
        "csstype": "^3.0.2"
      }
    },
    "node_modules/css-jss": {
      "version": "10.5.0",
      "resolved": "https://registry.npmjs.org/css-jss/-/css-jss-10.5.0.tgz",
      "integrity": "sha512-AkItNzoem2IkLpSw6IClzLKNmqEq9bUOjHAhrG/TZM5Wzb/u/7nzd1IfnR+i7XCYB8kyoQL60iqRbx1im9Nlzw==",
      "dependencies": {
        "@babel/runtime": "^7.3.1",
        "jss": "10.5.0",
        "jss-preset-default": "10.5.0"
      }
    },
    "node_modules/css-vendor": {
      "version": "2.0.8",
      "resolved": "https://registry.npmjs.org/css-vendor/-/css-vendor-2.0.8.tgz",
      "integrity": "sha512-x9Aq0XTInxrkuFeHKbYC7zWY8ai7qJ04Kxd9MnvbC1uO5DagxoHQjm4JvG+vCdXOoFtCjbL2XSZfxmoYa9uQVQ==",
      "dependencies": {
        "@babel/runtime": "^7.8.3",
        "is-in-browser": "^1.0.2"
      }
    },
    "node_modules/csstype": {
      "version": "3.0.5",
      "resolved": "https://registry.npmjs.org/csstype/-/csstype-3.0.5.tgz",
      "integrity": "sha512-uVDi8LpBUKQj6sdxNaTetL6FpeCqTjOvAQuQUa/qAqq8oOd4ivkbhgnqayl0dnPal8Tb/yB1tF+gOvCBiicaiQ=="
    },
    "node_modules/hoist-non-react-statics": {
      "version": "3.3.2",
      "resolved": "https://registry.npmjs.org/hoist-non-react-statics/-/hoist-non-react-statics-3.3.2.tgz",
      "integrity": "sha512-/gGivxi8JPKWNm/W0jSmzcMPpfpPLc3dY/6GxhX2hQ9iGj3aDfklV4ET7NjKpSinLpJ5vafa9iiGIEZg10SfBw==",
      "dependencies": {
        "react-is": "^16.7.0"
      }
    },
    "node_modules/hyphenate-style-name": {
      "version": "1.0.4",
      "resolved": "https://registry.npmjs.org/hyphenate-style-name/-/hyphenate-style-name-1.0.4.tgz",
      "integrity": "sha512-ygGZLjmXfPHj+ZWh6LwbC37l43MhfztxetbFCoYTM2VjkIUpeHgSNn7QIyVFj7YQ1Wl9Cbw5sholVJPzWvC2MQ=="
    },
    "node_modules/indefinite-observable": {
      "version": "2.0.1",
      "resolved": "https://registry.npmjs.org/indefinite-observable/-/indefinite-observable-2.0.1.tgz",
      "integrity": "sha512-G8vgmork+6H9S8lUAg1gtXEj2JxIQTo0g2PbFiYOdjkziSI0F7UYBiVwhZRuixhBCNGczAls34+5HJPyZysvxQ==",
      "dependencies": {
        "symbol-observable": "1.2.0"
      }
    },
    "node_modules/is-in-browser": {
      "version": "1.1.3",
      "resolved": "https://registry.npmjs.org/is-in-browser/-/is-in-browser-1.1.3.tgz",
      "integrity": "sha1-Vv9NtoOgeMYILrldrX3GLh0E+DU="
    },
    "node_modules/js-tokens": {
      "version": "4.0.0",
      "resolved": "https://registry.npmjs.org/js-tokens/-/js-tokens-4.0.0.tgz",
      "integrity": "sha512-RdJUflcE3cUzKiMqQgsCu06FPu9UdIJO0beYbPhHN4k6apgJtifcoCtT9bcxOpYBtpD2kCM6Sbzg4CausW/PKQ=="
    },
    "node_modules/jss": {
      "version": "10.5.0",
      "resolved": "https://registry.npmjs.org/jss/-/jss-10.5.0.tgz",
      "integrity": "sha512-B6151NvG+thUg3murLNHRPLxTLwQ13ep4SH5brj4d8qKtogOx/jupnpfkPGSHPqvcwKJaCLctpj2lEk+5yGwMw==",
      "dependencies": {
        "@babel/runtime": "^7.3.1",
        "csstype": "^3.0.2",
        "indefinite-observable": "^2.0.1",
        "is-in-browser": "^1.1.3",
        "tiny-warning": "^1.0.2"
      },
      "funding": {
        "type": "opencollective",
        "url": "https://opencollective.com/jss"
      }
    },
    "node_modules/jss-plugin-camel-case": {
      "version": "10.5.0",
      "resolved": "https://registry.npmjs.org/jss-plugin-camel-case/-/jss-plugin-camel-case-10.5.0.tgz",
      "integrity": "sha512-GSjPL0adGAkuoqeYiXTgO7PlIrmjv5v8lA6TTBdfxbNYpxADOdGKJgIEkffhlyuIZHlPuuiFYTwUreLUmSn7rg==",
      "dependencies": {
        "@babel/runtime": "^7.3.1",
        "hyphenate-style-name": "^1.0.3",
        "jss": "10.5.0"
      }
    },
    "node_modules/jss-plugin-compose": {
      "version": "10.5.0",
      "resolved": "https://registry.npmjs.org/jss-plugin-compose/-/jss-plugin-compose-10.5.0.tgz",
      "integrity": "sha512-A2NPCIq1rH83plRvNyixwKzVdxEeZU81fcc5JV1bThVWLSozis60EWzEM148+d9giyQd5yzxHbf1qwy3mGhfcQ==",
      "dependencies": {
        "@babel/runtime": "^7.3.1",
        "jss": "10.5.0",
        "tiny-warning": "^1.0.2"
      }
    },
    "node_modules/jss-plugin-default-unit": {
      "version": "10.5.0",
      "resolved": "https://registry.npmjs.org/jss-plugin-default-unit/-/jss-plugin-default-unit-10.5.0.tgz",
      "integrity": "sha512-rsbTtZGCMrbcb9beiDd+TwL991NGmsAgVYH0hATrYJtue9e+LH/Gn4yFD1ENwE+3JzF3A+rPnM2JuD9L/SIIWw==",
      "dependencies": {
        "@babel/runtime": "^7.3.1",
        "jss": "10.5.0"
      }
    },
    "node_modules/jss-plugin-expand": {
      "version": "10.5.0",
      "resolved": "https://registry.npmjs.org/jss-plugin-expand/-/jss-plugin-expand-10.5.0.tgz",
      "integrity": "sha512-YFgFKt6qBPznv5qNAG/ohIAMKq/FvHWm0MQ7LU7XgYnGIUm/0nLyNEiltIS7EJVTgvOxIuwC6y87esta9KCSrA==",
      "dependencies": {
        "@babel/runtime": "^7.3.1",
        "jss": "10.5.0"
      }
    },
    "node_modules/jss-plugin-extend": {
      "version": "10.5.0",
      "resolved": "https://registry.npmjs.org/jss-plugin-extend/-/jss-plugin-extend-10.5.0.tgz",
      "integrity": "sha512-WLldG+qnrFZ1F+29jJM7MlYdiKp6kW+/zJ9RedXEts0LsN5co3THnr3m/Wnuu8MluUz49DCCRr2cDIgakmS+eQ==",
      "dependencies": {
        "@babel/runtime": "^7.3.1",
        "jss": "10.5.0",
        "tiny-warning": "^1.0.2"
      }
    },
    "node_modules/jss-plugin-global": {
      "version": "10.5.0",
      "resolved": "https://registry.npmjs.org/jss-plugin-global/-/jss-plugin-global-10.5.0.tgz",
      "integrity": "sha512-FZd9+JE/3D7HMefEG54fEC0XiQ9rhGtDHAT/ols24y8sKQ1D5KIw6OyXEmIdKFmACgxZV2ARQ5pAUypxkk2IFQ==",
      "dependencies": {
        "@babel/runtime": "^7.3.1",
        "jss": "10.5.0"
      }
    },
    "node_modules/jss-plugin-nested": {
      "version": "10.5.0",
      "resolved": "https://registry.npmjs.org/jss-plugin-nested/-/jss-plugin-nested-10.5.0.tgz",
      "integrity": "sha512-ejPlCLNlEGgx8jmMiDk/zarsCZk+DV0YqXfddpgzbO9Toamo0HweCFuwJ3ZO40UFOfqKwfpKMVH/3HUXgxkTMg==",
      "dependencies": {
        "@babel/runtime": "^7.3.1",
        "jss": "10.5.0",
        "tiny-warning": "^1.0.2"
      }
    },
    "node_modules/jss-plugin-props-sort": {
      "version": "10.5.0",
      "resolved": "https://registry.npmjs.org/jss-plugin-props-sort/-/jss-plugin-props-sort-10.5.0.tgz",
      "integrity": "sha512-kTLRvrOetFKz5vM88FAhLNeJIxfjhCepnvq65G7xsAQ/Wgy7HwO1BS/2wE5mx8iLaAWC6Rj5h16mhMk9sKdZxg==",
      "dependencies": {
        "@babel/runtime": "^7.3.1",
        "jss": "10.5.0"
      }
    },
    "node_modules/jss-plugin-rule-value-function": {
      "version": "10.5.0",
      "resolved": "https://registry.npmjs.org/jss-plugin-rule-value-function/-/jss-plugin-rule-value-function-10.5.0.tgz",
      "integrity": "sha512-jXINGr8BSsB13JVuK274oEtk0LoooYSJqTBCGeBu2cG/VJ3+4FPs1gwLgsq24xTgKshtZ+WEQMVL34OprLidRA==",
      "dependencies": {
        "@babel/runtime": "^7.3.1",
        "jss": "10.5.0",
        "tiny-warning": "^1.0.2"
      }
    },
    "node_modules/jss-plugin-rule-value-observable": {
      "version": "10.5.0",
      "resolved": "https://registry.npmjs.org/jss-plugin-rule-value-observable/-/jss-plugin-rule-value-observable-10.5.0.tgz",
      "integrity": "sha512-x4deslR2SjMfG+1ZbVdMyuagJi7SroS7TQZyv3T9F5jjb1T1ZN+B7zZ5GdN5SuVjxN4w2/MTpf4ldoAJt9R6fg==",
      "dependencies": {
        "@babel/runtime": "^7.3.1",
        "jss": "10.5.0",
        "symbol-observable": "^1.2.0"
      }
    },
    "node_modules/jss-plugin-template": {
      "version": "10.5.0",
      "resolved": "https://registry.npmjs.org/jss-plugin-template/-/jss-plugin-template-10.5.0.tgz",
      "integrity": "sha512-NCRPzsKicVuFSEtqRv4qqtVTdfQeM1SDONU93gXfVG+AB3PRO5GhxaeMxoe8cDDkV+Ku0zmlOOWzSnjsuEIPaQ==",
      "dependencies": {
        "@babel/runtime": "^7.3.1",
        "jss": "10.5.0",
        "tiny-warning": "^1.0.2"
      }
    },
    "node_modules/jss-plugin-vendor-prefixer": {
      "version": "10.5.0",
      "resolved": "https://registry.npmjs.org/jss-plugin-vendor-prefixer/-/jss-plugin-vendor-prefixer-10.5.0.tgz",
      "integrity": "sha512-rux3gmfwDdOKCLDx0IQjTwTm03IfBa+Rm/hs747cOw5Q7O3RaTUIMPKjtVfc31Xr/XI9Abz2XEupk1/oMQ7zRA==",
      "dependencies": {
        "@babel/runtime": "^7.3.1",
        "css-vendor": "^2.0.8",
        "jss": "10.5.0"
      }
    },
    "node_modules/jss-preset-default": {
      "version": "10.5.0",
      "resolved": "https://registry.npmjs.org/jss-preset-default/-/jss-preset-default-10.5.0.tgz",
      "integrity": "sha512-0n02VNi6r4x2MqzHrkDQdTuEMU9gR5oTKRtGlYv46IEtS9mH/wxnC4uFBN3ICGZIhuyS4lgWYDC68PAKWlNEnQ==",
      "dependencies": {
        "@babel/runtime": "^7.3.1",
        "jss": "10.5.0",
        "jss-plugin-camel-case": "10.5.0",
        "jss-plugin-compose": "10.5.0",
        "jss-plugin-default-unit": "10.5.0",
        "jss-plugin-expand": "10.5.0",
        "jss-plugin-extend": "10.5.0",
        "jss-plugin-global": "10.5.0",
        "jss-plugin-nested": "10.5.0",
        "jss-plugin-props-sort": "10.5.0",
        "jss-plugin-rule-value-function": "10.5.0",
        "jss-plugin-rule-value-observable": "10.5.0",
        "jss-plugin-template": "10.5.0",
        "jss-plugin-vendor-prefixer": "10.5.0"
      }
    },
    "node_modules/loose-envify": {
      "version": "1.4.0",
      "resolved": "https://registry.npmjs.org/loose-envify/-/loose-envify-1.4.0.tgz",
      "integrity": "sha512-lyuxPGr/Wfhrlem2CL/UcnUc1zcqKAImBDzukY7Y5F/yQiNdko6+fRLevlw1HgMySw7f611UIY408EtxRSoK3Q==",
      "dependencies": {
        "js-tokens": "^3.0.0 || ^4.0.0"
      },
      "bin": {
        "loose-envify": "cli.js"
      }
    },
    "node_modules/object-assign": {
      "version": "4.1.1",
      "resolved": "https://registry.npmjs.org/object-assign/-/object-assign-4.1.1.tgz",
      "integrity": "sha1-IQmtx5ZYh8/AXLvUQsrIv7s2CGM=",
      "engines": {
        "node": ">=0.10.0"
      }
    },
    "node_modules/prop-types": {
      "version": "15.7.2",
      "resolved": "https://registry.npmjs.org/prop-types/-/prop-types-15.7.2.tgz",
      "integrity": "sha512-8QQikdH7//R2vurIJSutZ1smHYTcLpRWEOlHnzcWHmBYrOGUysKwSsrC89BCiFj3CbrfJ/nXFdJepOVrY1GCHQ==",
      "dependencies": {
        "loose-envify": "^1.4.0",
        "object-assign": "^4.1.1",
        "react-is": "^16.8.1"
      }
    },
    "node_modules/ramda": {
      "version": "0.27.1",
      "resolved": "https://registry.npmjs.org/ramda/-/ramda-0.27.1.tgz",
      "integrity": "sha512-PgIdVpn5y5Yns8vqb8FzBUEYn98V3xcPgawAkkgj0YJ0qDsnHCiNmZYfOGMgOvoB0eWFLpYbhxUR3mxfDIMvpw=="
    },
    "node_modules/react": {
      "version": "17.0.1",
      "resolved": "https://registry.npmjs.org/react/-/react-17.0.1.tgz",
      "integrity": "sha512-lG9c9UuMHdcAexXtigOZLX8exLWkW0Ku29qPRU8uhF2R9BN96dLCt0psvzPLlHc5OWkgymP3qwTRgbnw5BKx3w==",
      "dependencies": {
        "loose-envify": "^1.1.0",
        "object-assign": "^4.1.1"
      },
      "engines": {
        "node": ">=0.10.0"
      }
    },
    "node_modules/react-display-name": {
      "version": "0.2.5",
      "resolved": "https://registry.npmjs.org/react-display-name/-/react-display-name-0.2.5.tgz",
      "integrity": "sha512-I+vcaK9t4+kypiSgaiVWAipqHRXYmZIuAiS8vzFvXHHXVigg/sMKwlRgLy6LH2i3rmP+0Vzfl5lFsFRwF1r3pg=="
    },
    "node_modules/react-is": {
      "version": "16.13.1",
      "resolved": "https://registry.npmjs.org/react-is/-/react-is-16.13.1.tgz",
      "integrity": "sha512-24e6ynE2H+OKt4kqsOvNd8kBpV65zoxbA4BVsEOB3ARVWQki/DHzaUoC5KuON/BiccDaCCTZBuOcfZs70kR8bQ=="
    },
    "node_modules/react-jss": {
      "version": "10.5.0",
      "resolved": "https://registry.npmjs.org/react-jss/-/react-jss-10.5.0.tgz",
      "integrity": "sha512-WhID21UxdKC/9Xvl9tFSZTRUcgBqsHwBhSaxB1UEN1Oxu1wNNymov7gWOK/ceba0Gbvm15i0LYdoRGJG460hvg==",
      "dependencies": {
        "@babel/runtime": "^7.3.1",
        "@emotion/is-prop-valid": "^0.7.3",
        "css-jss": "10.5.0",
        "hoist-non-react-statics": "^3.2.0",
        "is-in-browser": "^1.1.3",
        "jss": "10.5.0",
        "jss-preset-default": "10.5.0",
        "prop-types": "^15.6.0",
        "shallow-equal": "^1.2.0",
        "theming": "^3.3.0",
        "tiny-warning": "^1.0.2"
      },
      "peerDependencies": {
        "react": ">=15"
      }
    },
    "node_modules/regenerator-runtime": {
      "version": "0.13.7",
      "resolved": "https://registry.npmjs.org/regenerator-runtime/-/regenerator-runtime-0.13.7.tgz",
      "integrity": "sha512-a54FxoJDIr27pgf7IgeQGxmqUNYrcV338lf/6gH456HZ/PhX+5BcwHXG9ajESmwe6WRO0tAzRUrRmNONWgkrew=="
    },
    "node_modules/shallow-equal": {
      "version": "1.2.1",
      "resolved": "https://registry.npmjs.org/shallow-equal/-/shallow-equal-1.2.1.tgz",
      "integrity": "sha512-S4vJDjHHMBaiZuT9NPb616CSmLf618jawtv3sufLl6ivK8WocjAo58cXwbRV1cgqxH0Qbv+iUt6m05eqEa2IRA=="
    },
    "node_modules/symbol-observable": {
      "version": "1.2.0",
      "resolved": "https://registry.npmjs.org/symbol-observable/-/symbol-observable-1.2.0.tgz",
      "integrity": "sha512-e900nM8RRtGhlV36KGEU9k65K3mPb1WV70OdjfxlG2EAuM1noi/E/BaW/uMhL7bPEssK8QV57vN3esixjUvcXQ==",
      "engines": {
        "node": ">=0.10.0"
      }
    },
    "node_modules/theming": {
      "version": "3.3.0",
      "resolved": "https://registry.npmjs.org/theming/-/theming-3.3.0.tgz",
      "integrity": "sha512-u6l4qTJRDaWZsqa8JugaNt7Xd8PPl9+gonZaIe28vAhqgHMIG/DOyFPqiKN/gQLQYj05tHv+YQdNILL4zoiAVA==",
      "dependencies": {
        "hoist-non-react-statics": "^3.3.0",
        "prop-types": "^15.5.8",
        "react-display-name": "^0.2.4",
        "tiny-warning": "^1.0.2"
      },
      "engines": {
        "node": ">=8"
      },
      "peerDependencies": {
        "react": ">=16.3"
      }
    },
    "node_modules/tiny-warning": {
      "version": "1.0.3",
      "resolved": "https://registry.npmjs.org/tiny-warning/-/tiny-warning-1.0.3.tgz",
      "integrity": "sha512-lBN9zLN/oAf68o3zNXYrdCt1kP8WsiGW8Oo2ka41b2IM5JL/S1CTyX1rW0mb/zSuJun0ZUrDxx4sqvYS2FWzPA=="
    },
    "node_modules/ts-toolbelt": {
      "version": "6.15.5",
      "resolved": "https://registry.npmjs.org/ts-toolbelt/-/ts-toolbelt-6.15.5.tgz",
      "integrity": "sha512-FZIXf1ksVyLcfr7M317jbB67XFJhOO1YqdTcuGaq9q5jLUoTikukZ+98TPjKiP2jC5CgmYdWWYs0s2nLSU0/1A=="
    },
    "node_modules/typescript": {
      "version": "4.1.3",
      "resolved": "https://registry.npmjs.org/typescript/-/typescript-4.1.3.tgz",
      "integrity": "sha512-B3ZIOf1IKeH2ixgHhj6la6xdwR9QrLC5d1VKeCSY4tvkqhF2eqd9O7txNlS0PO3GrBAFIdr3L1ndNwteUbZLYg==",
      "dev": true,
      "bin": {
        "tsc": "bin/tsc",
        "tsserver": "bin/tsserver"
      },
      "engines": {
        "node": ">=4.2.0"
      }
    },
    "packages/core": {
      "version": "0.4.61",
      "license": "MIT",
      "dependencies": {
        "@types/ramda": "^0.27.34",
        "ramda": "^0.27.1"
      }
    },
    "packages/react-rosebox": {
      "version": "0.0.2",
      "license": "MIT",
      "dependencies": {
        "@rosebox/core": "^0.4.61",
        "jss": "^10.5.0",
        "jss-plugin-camel-case": "^10.5.0",
        "jss-plugin-global": "^10.5.0",
        "jss-plugin-nested": "^10.5.0",
        "jss-plugin-props-sort": "^10.5.0",
        "jss-plugin-rule-value-function": "^10.5.0",
        "jss-plugin-vendor-prefixer": "^10.5.0",
        "react-jss": "^10.5.0"
      },
      "devDependencies": {
        "@types/react": ">=15",
        "react": ">=15",
        "typescript": "^4.1.3"
      },
      "peerDependencies": {
        "react": ">=15",
        "react-jss": "^10.5.0"
      }
    }
  },
  "dependencies": {
    "@babel/runtime": {
      "version": "7.12.5",
      "resolved": "https://registry.npmjs.org/@babel/runtime/-/runtime-7.12.5.tgz",
      "integrity": "sha512-plcc+hbExy3McchJCEQG3knOsuh3HH+Prx1P6cLIkET/0dLuQDEnrT+s27Axgc9bqfsmNUNHfscgMUdBpC9xfg==",
      "requires": {
        "regenerator-runtime": "^0.13.4"
      }
    },
    "@emotion/is-prop-valid": {
      "version": "0.7.3",
      "resolved": "https://registry.npmjs.org/@emotion/is-prop-valid/-/is-prop-valid-0.7.3.tgz",
      "integrity": "sha512-uxJqm/sqwXw3YPA5GXX365OBcJGFtxUVkB6WyezqFHlNe9jqUWH5ur2O2M8dGBz61kn1g3ZBlzUunFQXQIClhA==",
      "requires": {
        "@emotion/memoize": "0.7.1"
      }
    },
    "@emotion/memoize": {
      "version": "0.7.1",
      "resolved": "https://registry.npmjs.org/@emotion/memoize/-/memoize-0.7.1.tgz",
      "integrity": "sha512-Qv4LTqO11jepd5Qmlp3M1YEjBumoTHcHFdgPTQ+sFlIL5myi/7xu/POwP7IRu6odBdmLXdtIs1D6TuW6kbwbbg=="
    },
    "@rosebox/core": {
      "version": "file:packages/core",
      "requires": {
        "@types/ramda": "^0.27.34",
        "ramda": "^0.27.1"
      }
    },
    "@rosebox/react": {
      "version": "file:packages/react-rosebox",
      "requires": {
        "@rosebox/core": "^0.4.61",
        "@types/react": ">=15",
        "jss": "^10.5.0",
        "jss-plugin-camel-case": "^10.5.0",
        "jss-plugin-global": "^10.5.0",
        "jss-plugin-nested": "^10.5.0",
        "jss-plugin-props-sort": "^10.5.0",
        "jss-plugin-rule-value-function": "^10.5.0",
        "jss-plugin-vendor-prefixer": "^10.5.0",
        "react": ">=15",
        "react-jss": "^10.5.0",
        "typescript": "^4.1.3"
      }
    },
    "@types/prop-types": {
      "version": "15.7.3",
      "resolved": "https://registry.npmjs.org/@types/prop-types/-/prop-types-15.7.3.tgz",
      "integrity": "sha512-KfRL3PuHmqQLOG+2tGpRO26Ctg+Cq1E01D2DMriKEATHgWLfeNDmq9e29Q9WIky0dQ3NPkd1mzYH8Lm936Z9qw==",
      "dev": true
    },
    "@types/ramda": {
      "version": "0.27.34",
      "resolved": "https://registry.npmjs.org/@types/ramda/-/ramda-0.27.34.tgz",
      "integrity": "sha512-8pJBMViQ4v88ebcNkDMDf59vZ4/EMTgvN/pKCAgp70XUjEPgs+U40DWhpIzcgOgDmXV2OMew2tqed5tqKwPWZg==",
      "requires": {
        "ts-toolbelt": "^6.15.1"
      }
    },
    "@types/react": {
      "version": "17.0.0",
      "resolved": "https://registry.npmjs.org/@types/react/-/react-17.0.0.tgz",
      "integrity": "sha512-aj/L7RIMsRlWML3YB6KZiXB3fV2t41+5RBGYF8z+tAKU43Px8C3cYUZsDvf1/+Bm4FK21QWBrDutu8ZJ/70qOw==",
      "dev": true,
      "requires": {
        "@types/prop-types": "*",
        "csstype": "^3.0.2"
      }
    },
    "css-jss": {
      "version": "10.5.0",
      "resolved": "https://registry.npmjs.org/css-jss/-/css-jss-10.5.0.tgz",
      "integrity": "sha512-AkItNzoem2IkLpSw6IClzLKNmqEq9bUOjHAhrG/TZM5Wzb/u/7nzd1IfnR+i7XCYB8kyoQL60iqRbx1im9Nlzw==",
      "requires": {
        "@babel/runtime": "^7.3.1",
        "jss": "10.5.0",
        "jss-preset-default": "10.5.0"
      }
    },
    "css-vendor": {
      "version": "2.0.8",
      "resolved": "https://registry.npmjs.org/css-vendor/-/css-vendor-2.0.8.tgz",
      "integrity": "sha512-x9Aq0XTInxrkuFeHKbYC7zWY8ai7qJ04Kxd9MnvbC1uO5DagxoHQjm4JvG+vCdXOoFtCjbL2XSZfxmoYa9uQVQ==",
      "requires": {
        "@babel/runtime": "^7.8.3",
        "is-in-browser": "^1.0.2"
      }
    },
    "csstype": {
      "version": "3.0.5",
      "resolved": "https://registry.npmjs.org/csstype/-/csstype-3.0.5.tgz",
      "integrity": "sha512-uVDi8LpBUKQj6sdxNaTetL6FpeCqTjOvAQuQUa/qAqq8oOd4ivkbhgnqayl0dnPal8Tb/yB1tF+gOvCBiicaiQ=="
    },
    "hoist-non-react-statics": {
      "version": "3.3.2",
      "resolved": "https://registry.npmjs.org/hoist-non-react-statics/-/hoist-non-react-statics-3.3.2.tgz",
      "integrity": "sha512-/gGivxi8JPKWNm/W0jSmzcMPpfpPLc3dY/6GxhX2hQ9iGj3aDfklV4ET7NjKpSinLpJ5vafa9iiGIEZg10SfBw==",
      "requires": {
        "react-is": "^16.7.0"
      }
    },
    "hyphenate-style-name": {
      "version": "1.0.4",
      "resolved": "https://registry.npmjs.org/hyphenate-style-name/-/hyphenate-style-name-1.0.4.tgz",
      "integrity": "sha512-ygGZLjmXfPHj+ZWh6LwbC37l43MhfztxetbFCoYTM2VjkIUpeHgSNn7QIyVFj7YQ1Wl9Cbw5sholVJPzWvC2MQ=="
    },
    "indefinite-observable": {
      "version": "2.0.1",
      "resolved": "https://registry.npmjs.org/indefinite-observable/-/indefinite-observable-2.0.1.tgz",
      "integrity": "sha512-G8vgmork+6H9S8lUAg1gtXEj2JxIQTo0g2PbFiYOdjkziSI0F7UYBiVwhZRuixhBCNGczAls34+5HJPyZysvxQ==",
      "requires": {
        "symbol-observable": "1.2.0"
      }
    },
    "is-in-browser": {
      "version": "1.1.3",
      "resolved": "https://registry.npmjs.org/is-in-browser/-/is-in-browser-1.1.3.tgz",
      "integrity": "sha1-Vv9NtoOgeMYILrldrX3GLh0E+DU="
    },
    "js-tokens": {
      "version": "4.0.0",
      "resolved": "https://registry.npmjs.org/js-tokens/-/js-tokens-4.0.0.tgz",
      "integrity": "sha512-RdJUflcE3cUzKiMqQgsCu06FPu9UdIJO0beYbPhHN4k6apgJtifcoCtT9bcxOpYBtpD2kCM6Sbzg4CausW/PKQ=="
    },
    "jss": {
      "version": "10.5.0",
      "resolved": "https://registry.npmjs.org/jss/-/jss-10.5.0.tgz",
      "integrity": "sha512-B6151NvG+thUg3murLNHRPLxTLwQ13ep4SH5brj4d8qKtogOx/jupnpfkPGSHPqvcwKJaCLctpj2lEk+5yGwMw==",
      "requires": {
        "@babel/runtime": "^7.3.1",
        "csstype": "^3.0.2",
        "indefinite-observable": "^2.0.1",
        "is-in-browser": "^1.1.3",
        "tiny-warning": "^1.0.2"
      }
    },
    "jss-plugin-camel-case": {
      "version": "10.5.0",
      "resolved": "https://registry.npmjs.org/jss-plugin-camel-case/-/jss-plugin-camel-case-10.5.0.tgz",
      "integrity": "sha512-GSjPL0adGAkuoqeYiXTgO7PlIrmjv5v8lA6TTBdfxbNYpxADOdGKJgIEkffhlyuIZHlPuuiFYTwUreLUmSn7rg==",
      "requires": {
        "@babel/runtime": "^7.3.1",
        "hyphenate-style-name": "^1.0.3",
        "jss": "10.5.0"
      }
    },
    "jss-plugin-compose": {
      "version": "10.5.0",
      "resolved": "https://registry.npmjs.org/jss-plugin-compose/-/jss-plugin-compose-10.5.0.tgz",
      "integrity": "sha512-A2NPCIq1rH83plRvNyixwKzVdxEeZU81fcc5JV1bThVWLSozis60EWzEM148+d9giyQd5yzxHbf1qwy3mGhfcQ==",
      "requires": {
        "@babel/runtime": "^7.3.1",
        "jss": "10.5.0",
        "tiny-warning": "^1.0.2"
      }
    },
    "jss-plugin-default-unit": {
      "version": "10.5.0",
      "resolved": "https://registry.npmjs.org/jss-plugin-default-unit/-/jss-plugin-default-unit-10.5.0.tgz",
      "integrity": "sha512-rsbTtZGCMrbcb9beiDd+TwL991NGmsAgVYH0hATrYJtue9e+LH/Gn4yFD1ENwE+3JzF3A+rPnM2JuD9L/SIIWw==",
      "requires": {
        "@babel/runtime": "^7.3.1",
        "jss": "10.5.0"
      }
    },
    "jss-plugin-expand": {
      "version": "10.5.0",
      "resolved": "https://registry.npmjs.org/jss-plugin-expand/-/jss-plugin-expand-10.5.0.tgz",
      "integrity": "sha512-YFgFKt6qBPznv5qNAG/ohIAMKq/FvHWm0MQ7LU7XgYnGIUm/0nLyNEiltIS7EJVTgvOxIuwC6y87esta9KCSrA==",
      "requires": {
        "@babel/runtime": "^7.3.1",
        "jss": "10.5.0"
      }
    },
    "jss-plugin-extend": {
      "version": "10.5.0",
      "resolved": "https://registry.npmjs.org/jss-plugin-extend/-/jss-plugin-extend-10.5.0.tgz",
      "integrity": "sha512-WLldG+qnrFZ1F+29jJM7MlYdiKp6kW+/zJ9RedXEts0LsN5co3THnr3m/Wnuu8MluUz49DCCRr2cDIgakmS+eQ==",
      "requires": {
        "@babel/runtime": "^7.3.1",
        "jss": "10.5.0",
        "tiny-warning": "^1.0.2"
      }
    },
    "jss-plugin-global": {
      "version": "10.5.0",
      "resolved": "https://registry.npmjs.org/jss-plugin-global/-/jss-plugin-global-10.5.0.tgz",
      "integrity": "sha512-FZd9+JE/3D7HMefEG54fEC0XiQ9rhGtDHAT/ols24y8sKQ1D5KIw6OyXEmIdKFmACgxZV2ARQ5pAUypxkk2IFQ==",
      "requires": {
        "@babel/runtime": "^7.3.1",
        "jss": "10.5.0"
      }
    },
    "jss-plugin-nested": {
      "version": "10.5.0",
      "resolved": "https://registry.npmjs.org/jss-plugin-nested/-/jss-plugin-nested-10.5.0.tgz",
      "integrity": "sha512-ejPlCLNlEGgx8jmMiDk/zarsCZk+DV0YqXfddpgzbO9Toamo0HweCFuwJ3ZO40UFOfqKwfpKMVH/3HUXgxkTMg==",
      "requires": {
        "@babel/runtime": "^7.3.1",
        "jss": "10.5.0",
        "tiny-warning": "^1.0.2"
      }
    },
    "jss-plugin-props-sort": {
      "version": "10.5.0",
      "resolved": "https://registry.npmjs.org/jss-plugin-props-sort/-/jss-plugin-props-sort-10.5.0.tgz",
      "integrity": "sha512-kTLRvrOetFKz5vM88FAhLNeJIxfjhCepnvq65G7xsAQ/Wgy7HwO1BS/2wE5mx8iLaAWC6Rj5h16mhMk9sKdZxg==",
      "requires": {
        "@babel/runtime": "^7.3.1",
        "jss": "10.5.0"
      }
    },
    "jss-plugin-rule-value-function": {
      "version": "10.5.0",
      "resolved": "https://registry.npmjs.org/jss-plugin-rule-value-function/-/jss-plugin-rule-value-function-10.5.0.tgz",
      "integrity": "sha512-jXINGr8BSsB13JVuK274oEtk0LoooYSJqTBCGeBu2cG/VJ3+4FPs1gwLgsq24xTgKshtZ+WEQMVL34OprLidRA==",
      "requires": {
        "@babel/runtime": "^7.3.1",
        "jss": "10.5.0",
        "tiny-warning": "^1.0.2"
      }
    },
    "jss-plugin-rule-value-observable": {
      "version": "10.5.0",
      "resolved": "https://registry.npmjs.org/jss-plugin-rule-value-observable/-/jss-plugin-rule-value-observable-10.5.0.tgz",
      "integrity": "sha512-x4deslR2SjMfG+1ZbVdMyuagJi7SroS7TQZyv3T9F5jjb1T1ZN+B7zZ5GdN5SuVjxN4w2/MTpf4ldoAJt9R6fg==",
      "requires": {
        "@babel/runtime": "^7.3.1",
        "jss": "10.5.0",
        "symbol-observable": "^1.2.0"
      }
    },
    "jss-plugin-template": {
      "version": "10.5.0",
      "resolved": "https://registry.npmjs.org/jss-plugin-template/-/jss-plugin-template-10.5.0.tgz",
      "integrity": "sha512-NCRPzsKicVuFSEtqRv4qqtVTdfQeM1SDONU93gXfVG+AB3PRO5GhxaeMxoe8cDDkV+Ku0zmlOOWzSnjsuEIPaQ==",
      "requires": {
        "@babel/runtime": "^7.3.1",
        "jss": "10.5.0",
        "tiny-warning": "^1.0.2"
      }
    },
    "jss-plugin-vendor-prefixer": {
      "version": "10.5.0",
      "resolved": "https://registry.npmjs.org/jss-plugin-vendor-prefixer/-/jss-plugin-vendor-prefixer-10.5.0.tgz",
      "integrity": "sha512-rux3gmfwDdOKCLDx0IQjTwTm03IfBa+Rm/hs747cOw5Q7O3RaTUIMPKjtVfc31Xr/XI9Abz2XEupk1/oMQ7zRA==",
      "requires": {
        "@babel/runtime": "^7.3.1",
        "css-vendor": "^2.0.8",
        "jss": "10.5.0"
      }
    },
    "jss-preset-default": {
      "version": "10.5.0",
      "resolved": "https://registry.npmjs.org/jss-preset-default/-/jss-preset-default-10.5.0.tgz",
      "integrity": "sha512-0n02VNi6r4x2MqzHrkDQdTuEMU9gR5oTKRtGlYv46IEtS9mH/wxnC4uFBN3ICGZIhuyS4lgWYDC68PAKWlNEnQ==",
      "requires": {
        "@babel/runtime": "^7.3.1",
        "jss": "10.5.0",
        "jss-plugin-camel-case": "10.5.0",
        "jss-plugin-compose": "10.5.0",
        "jss-plugin-default-unit": "10.5.0",
        "jss-plugin-expand": "10.5.0",
        "jss-plugin-extend": "10.5.0",
        "jss-plugin-global": "10.5.0",
        "jss-plugin-nested": "10.5.0",
        "jss-plugin-props-sort": "10.5.0",
        "jss-plugin-rule-value-function": "10.5.0",
        "jss-plugin-rule-value-observable": "10.5.0",
        "jss-plugin-template": "10.5.0",
        "jss-plugin-vendor-prefixer": "10.5.0"
      }
    },
    "loose-envify": {
      "version": "1.4.0",
      "resolved": "https://registry.npmjs.org/loose-envify/-/loose-envify-1.4.0.tgz",
      "integrity": "sha512-lyuxPGr/Wfhrlem2CL/UcnUc1zcqKAImBDzukY7Y5F/yQiNdko6+fRLevlw1HgMySw7f611UIY408EtxRSoK3Q==",
      "requires": {
        "js-tokens": "^3.0.0 || ^4.0.0"
      }
    },
    "object-assign": {
      "version": "4.1.1",
      "resolved": "https://registry.npmjs.org/object-assign/-/object-assign-4.1.1.tgz",
      "integrity": "sha1-IQmtx5ZYh8/AXLvUQsrIv7s2CGM="
    },
    "prop-types": {
      "version": "15.7.2",
      "resolved": "https://registry.npmjs.org/prop-types/-/prop-types-15.7.2.tgz",
      "integrity": "sha512-8QQikdH7//R2vurIJSutZ1smHYTcLpRWEOlHnzcWHmBYrOGUysKwSsrC89BCiFj3CbrfJ/nXFdJepOVrY1GCHQ==",
      "requires": {
        "loose-envify": "^1.4.0",
        "object-assign": "^4.1.1",
        "react-is": "^16.8.1"
      }
    },
    "ramda": {
      "version": "0.27.1",
      "resolved": "https://registry.npmjs.org/ramda/-/ramda-0.27.1.tgz",
      "integrity": "sha512-PgIdVpn5y5Yns8vqb8FzBUEYn98V3xcPgawAkkgj0YJ0qDsnHCiNmZYfOGMgOvoB0eWFLpYbhxUR3mxfDIMvpw=="
    },
    "react": {
      "version": "17.0.1",
      "resolved": "https://registry.npmjs.org/react/-/react-17.0.1.tgz",
      "integrity": "sha512-lG9c9UuMHdcAexXtigOZLX8exLWkW0Ku29qPRU8uhF2R9BN96dLCt0psvzPLlHc5OWkgymP3qwTRgbnw5BKx3w==",
      "requires": {
        "loose-envify": "^1.1.0",
        "object-assign": "^4.1.1"
      }
    },
    "react-display-name": {
      "version": "0.2.5",
      "resolved": "https://registry.npmjs.org/react-display-name/-/react-display-name-0.2.5.tgz",
      "integrity": "sha512-I+vcaK9t4+kypiSgaiVWAipqHRXYmZIuAiS8vzFvXHHXVigg/sMKwlRgLy6LH2i3rmP+0Vzfl5lFsFRwF1r3pg=="
    },
    "react-is": {
      "version": "16.13.1",
      "resolved": "https://registry.npmjs.org/react-is/-/react-is-16.13.1.tgz",
      "integrity": "sha512-24e6ynE2H+OKt4kqsOvNd8kBpV65zoxbA4BVsEOB3ARVWQki/DHzaUoC5KuON/BiccDaCCTZBuOcfZs70kR8bQ=="
    },
    "react-jss": {
      "version": "10.5.0",
      "resolved": "https://registry.npmjs.org/react-jss/-/react-jss-10.5.0.tgz",
      "integrity": "sha512-WhID21UxdKC/9Xvl9tFSZTRUcgBqsHwBhSaxB1UEN1Oxu1wNNymov7gWOK/ceba0Gbvm15i0LYdoRGJG460hvg==",
      "requires": {
        "@babel/runtime": "^7.3.1",
        "@emotion/is-prop-valid": "^0.7.3",
        "css-jss": "10.5.0",
        "hoist-non-react-statics": "^3.2.0",
        "is-in-browser": "^1.1.3",
        "jss": "10.5.0",
        "jss-preset-default": "10.5.0",
        "prop-types": "^15.6.0",
        "shallow-equal": "^1.2.0",
        "theming": "^3.3.0",
        "tiny-warning": "^1.0.2"
      }
    },
    "regenerator-runtime": {
      "version": "0.13.7",
      "resolved": "https://registry.npmjs.org/regenerator-runtime/-/regenerator-runtime-0.13.7.tgz",
      "integrity": "sha512-a54FxoJDIr27pgf7IgeQGxmqUNYrcV338lf/6gH456HZ/PhX+5BcwHXG9ajESmwe6WRO0tAzRUrRmNONWgkrew=="
    },
    "shallow-equal": {
      "version": "1.2.1",
      "resolved": "https://registry.npmjs.org/shallow-equal/-/shallow-equal-1.2.1.tgz",
      "integrity": "sha512-S4vJDjHHMBaiZuT9NPb616CSmLf618jawtv3sufLl6ivK8WocjAo58cXwbRV1cgqxH0Qbv+iUt6m05eqEa2IRA=="
    },
    "symbol-observable": {
      "version": "1.2.0",
      "resolved": "https://registry.npmjs.org/symbol-observable/-/symbol-observable-1.2.0.tgz",
      "integrity": "sha512-e900nM8RRtGhlV36KGEU9k65K3mPb1WV70OdjfxlG2EAuM1noi/E/BaW/uMhL7bPEssK8QV57vN3esixjUvcXQ=="
    },
    "theming": {
      "version": "3.3.0",
      "resolved": "https://registry.npmjs.org/theming/-/theming-3.3.0.tgz",
      "integrity": "sha512-u6l4qTJRDaWZsqa8JugaNt7Xd8PPl9+gonZaIe28vAhqgHMIG/DOyFPqiKN/gQLQYj05tHv+YQdNILL4zoiAVA==",
      "requires": {
        "hoist-non-react-statics": "^3.3.0",
        "prop-types": "^15.5.8",
        "react-display-name": "^0.2.4",
        "tiny-warning": "^1.0.2"
      }
    },
    "tiny-warning": {
      "version": "1.0.3",
      "resolved": "https://registry.npmjs.org/tiny-warning/-/tiny-warning-1.0.3.tgz",
      "integrity": "sha512-lBN9zLN/oAf68o3zNXYrdCt1kP8WsiGW8Oo2ka41b2IM5JL/S1CTyX1rW0mb/zSuJun0ZUrDxx4sqvYS2FWzPA=="
    },
    "ts-toolbelt": {
      "version": "6.15.5",
      "resolved": "https://registry.npmjs.org/ts-toolbelt/-/ts-toolbelt-6.15.5.tgz",
      "integrity": "sha512-FZIXf1ksVyLcfr7M317jbB67XFJhOO1YqdTcuGaq9q5jLUoTikukZ+98TPjKiP2jC5CgmYdWWYs0s2nLSU0/1A=="
    },
    "typescript": {
      "version": "4.1.3",
      "resolved": "https://registry.npmjs.org/typescript/-/typescript-4.1.3.tgz",
      "integrity": "sha512-B3ZIOf1IKeH2ixgHhj6la6xdwR9QrLC5d1VKeCSY4tvkqhF2eqd9O7txNlS0PO3GrBAFIdr3L1ndNwteUbZLYg==",
      "dev": true
    }
  }
}
